
Microsoft Visual Studio Solution File, Format Version 12.00
# Visual Studio 14
VisualStudioVersion = 14.0.25420.1
MinimumVisualStudioVersion = 10.0.40219.1
Project("{F2A71F9B-5D33-465A-A702-920D77279786}") = "Checkers", "Checkers\Checkers.fsproj", "{DC910F5F-5E94-4BAF-924E-8AEB65BD507F}"
EndProject
Global
	GlobalSection(SolutionConfigurationPlatforms) = preSolution
		Debug|Any CPU = Debug|Any CPU
		Release|Any CPU = Release|Any CPU
	EndGlobalSection
	GlobalSection(ProjectConfigurationPlatforms) = postSolution
		{DC910F5F-5E94-4BAF-924E-8AEB65BD507F}.Debug|Any CPU.ActiveCfg = Debug|Any CPU
		{DC910F5F-5E94-4BAF-924E-8AEB65BD507F}.Debug|Any CPU.Build.0 = Debug|Any CPU
		{DC910F5F-5E94-4BAF-924E-8AEB65BD507F}.Release|Any CPU.ActiveCfg = Release|Any CPU
		{DC910F5F-5E94-4BAF-924E-8AEB65BD507F}.Release|Any CPU.Build.0 = Release|Any CPU
	EndGlobalSection
	GlobalSection(SolutionProperties) = preSolution
		HideSolutionNode = FALSE
	EndGlobalSection
EndGlobal
